// !$*UTF8*$!
{
	archiveVersion = 1;
	classes = {
	};
	objectVersion = 50;
	objects = {

/* Begin PBXBuildFile section */
		8AA624EB23B0B47C00433192 /* AppDelegate.swift in Sources */ = {isa = PBXBuildFile; fileRef = 8AA624EA23B0B47C00433192 /* AppDelegate.swift */; };
		8AA624ED23B0B47C00433192 /* SceneDelegate.swift in Sources */ = {isa = PBXBuildFile; fileRef = 8AA624EC23B0B47C00433192 /* SceneDelegate.swift */; };
		8AA624EF23B0B47C00433192 /* ViewController.swift in Sources */ = {isa = PBXBuildFile; fileRef = 8AA624EE23B0B47C00433192 /* ViewController.swift */; };
		8AA624F223B0B47C00433192 /* Main.storyboard in Resources */ = {isa = PBXBuildFile; fileRef = 8AA624F023B0B47C00433192 /* Main.storyboard */; };
		8AA624F423B0B47D00433192 /* Assets.xcassets in Resources */ = {isa = PBXBuildFile; fileRef = 8AA624F323B0B47D00433192 /* Assets.xcassets */; };
		8AA624F723B0B47D00433192 /* LaunchScreen.storyboard in Resources */ = {isa = PBXBuildFile; fileRef = 8AA624F523B0B47D00433192 /* LaunchScreen.storyboard */; };
		8AA6250223B0B47D00433192 /* TodoeyTests.swift in Sources */ = {isa = PBXBuildFile; fileRef = 8AA6250123B0B47D00433192 /* TodoeyTests.swift */; };
		8AA6250D23B0B47D00433192 /* TodoeyUITests.swift in Sources */ = {isa = PBXBuildFile; fileRef = 8AA6250C23B0B47D00433192 /* TodoeyUITests.swift */; };
/* End PBXBuildFile section */

/* Begin PBXContainerItemProxy section */
		8AA624FE23B0B47D00433192 /* PBXContainerItemProxy */ = {
			isa = PBXContainerItemProxy;
			containerPortal = 8AA624DF23B0B47C00433192 /* Project object */;
			proxyType = 1;
			remoteGlobalIDString = 8AA624E623B0B47C00433192;
			remoteInfo = Todoey;
		};
		8AA6250923B0B47D00433192 /* PBXContainerItemProxy */ = {
			isa = PBXContainerItemProxy;
			containerPortal = 8AA624DF23B0B47C00433192 /* Project object */;
			proxyType = 1;
			remoteGlobalIDString = 8AA624E623B0B47C00433192;
			remoteInfo = Todoey;
		};
/* End PBXContainerItemProxy section */

/* Begin PBXFileReference section */
		8AA624E723B0B47C00433192 /* Todoey.app */ = {isa = PBXFileReference; explicitFileType = wrapper.application; includeInIndex = 0; path = Todoey.app; sourceTree = BUILT_PRODUCTS_DIR; };
		8AA624EA23B0B47C00433192 /* AppDelegate.swift */ = {isa = PBXFileReference; lastKnownFileType = sourcecode.swift; path = AppDelegate.swift; sourceTree = "<group>"; };
		8AA624EC23B0B47C00433192 /* SceneDelegate.swift */ = {isa = PBXFileReference; lastKnownFileType = sourcecode.swift; path = SceneDelegate.swift; sourceTree = "<group>"; };
		8AA624EE23B0B47C00433192 /* ViewController.swift */ = {isa = PBXFileReference; lastKnownFileType = sourcecode.swift; path = ViewController.swift; sourceTree = "<group>"; };
		8AA624F123B0B47C00433192 /* Base */ = {isa = PBXFileReference; lastKnownFileType = file.storyboard; name = Base; path = Base.lproj/Main.storyboard; sourceTree = "<group>"; };
		8AA624F323B0B47D00433192 /* Assets.xcassets */ = {isa = PBXFileReference; lastKnownFileType = folder.assetcatalog; path = Assets.xcassets; sourceTree = "<group>"; };
		8AA624F623B0B47D00433192 /* Base */ = {isa = PBXFileReference; lastKnownFileType = file.storyboard; name = Base; path = Base.lproj/LaunchScreen.storyboard; sourceTree = "<group>"; };
		8AA624F823B0B47D00433192 /* Info.plist */ = {isa = PBXFileReference; lastKnownFileType = text.plist.xml; path = Info.plist; sourceTree = "<group>"; };
		8AA624FD23B0B47D00433192 /* TodoeyTests.xctest */ = {isa = PBXFileReference; explicitFileType = wrapper.cfbundle; includeInIndex = 0; path = TodoeyTests.xctest; sourceTree = BUILT_PRODUCTS_DIR; };
		8AA6250123B0B47D00433192 /* TodoeyTests.swift */ = {isa = PBXFileReference; lastKnownFileType = sourcecode.swift; path = TodoeyTests.swift; sourceTree = "<group>"; };
		8AA6250323B0B47D00433192 /* Info.plist */ = {isa = PBXFileReference; lastKnownFileType = text.plist.xml; path = Info.plist; sourceTree = "<group>"; };
		8AA6250823B0B47D00433192 /* TodoeyUITests.xctest */ = {isa = PBXFileReference; explicitFileType = wrapper.cfbundle; includeInIndex = 0; path = TodoeyUITests.xctest; sourceTree = BUILT_PRODUCTS_DIR; };
		8AA6250C23B0B47D00433192 /* TodoeyUITests.swift */ = {isa = PBXFileReference; lastKnownFileType = sourcecode.swift; path = TodoeyUITests.swift; sourceTree = "<group>"; };
		8AA6250E23B0B47D00433192 /* Info.plist */ = {isa = PBXFileReference; lastKnownFileType = text.plist.xml; path = Info.plist; sourceTree = "<group>"; };
/* End PBXFileReference section */

/* Begin PBXFrameworksBuildPhase section */
		8AA624E423B0B47C00433192 /* Frameworks */ = {
			isa = PBXFrameworksBuildPhase;
			buildActionMask = 2147483647;
			files = (
			);
			runOnlyForDeploymentPostprocessing = 0;
		};
		8AA624FA23B0B47D00433192 /* Frameworks */ = {
			isa = PBXFrameworksBuildPhase;
			buildActionMask = 2147483647;
			files = (
			);
			runOnlyForDeploymentPostprocessing = 0;
		};
		8AA6250523B0B47D00433192 /* Frameworks */ = {
			isa = PBXFrameworksBuildPhase;
			buildActionMask = 2147483647;
			files = (
			);
			runOnlyForDeploymentPostprocessing = 0;
		};
/* End PBXFrameworksBuildPhase section */

/* Begin PBXGroup section */
		8AA624DE23B0B47C00433192 = {
			isa = PBXGroup;
			children = (
				8AA624E923B0B47C00433192 /* Todoey */,
				8AA6250023B0B47D00433192 /* TodoeyTests */,
				8AA6250B23B0B47D00433192 /* TodoeyUITests */,
				8AA624E823B0B47C00433192 /* Products */,
			);
			sourceTree = "<group>";
		};
		8AA624E823B0B47C00433192 /* Products */ = {
			isa = PBXGroup;
			children = (
				8AA624E723B0B47C00433192 /* Todoey.app */,
				8AA624FD23B0B47D00433192 /* TodoeyTests.xctest */,
				8AA6250823B0B47D00433192 /* TodoeyUITests.xctest */,
			);
			name = Products;
			sourceTree = "<group>";
		};
		8AA624E923B0B47C00433192 /* Todoey */ = {
			isa = PBXGroup;
			children = (
				8AA624EA23B0B47C00433192 /* AppDelegate.swift */,
				8AA624EC23B0B47C00433192 /* SceneDelegate.swift */,
				8AA624EE23B0B47C00433192 /* ViewController.swift */,
				8AA624F023B0B47C00433192 /* Main.storyboard */,
				8AA624F323B0B47D00433192 /* Assets.xcassets */,
				8AA624F523B0B47D00433192 /* LaunchScreen.storyboard */,
				8AA624F823B0B47D00433192 /* Info.plist */,
			);
			path = Todoey;
			sourceTree = "<group>";
		};
		8AA6250023B0B47D00433192 /* TodoeyTests */ = {
			isa = PBXGroup;
			children = (
				8AA6250123B0B47D00433192 /* TodoeyTests.swift */,
				8AA6250323B0B47D00433192 /* Info.plist */,
			);
			path = TodoeyTests;
			sourceTree = "<group>";
		};
		8AA6250B23B0B47D00433192 /* TodoeyUITests */ = {
			isa = PBXGroup;
			children = (
				8AA6250C23B0B47D00433192 /* TodoeyUITests.swift */,
				8AA6250E23B0B47D00433192 /* Info.plist */,
			);
			path = TodoeyUITests;
			sourceTree = "<group>";
		};
/* End PBXGroup section */

/* Begin PBXNativeTarget section */
		8AA624E623B0B47C00433192 /* Todoey */ = {
			isa = PBXNativeTarget;
			buildConfigurationList = 8AA6251123B0B47D00433192 /* Build configuration list for PBXNativeTarget "Todoey" */;
			buildPhases = (
				8AA624E323B0B47C00433192 /* Sources */,
				8AA624E423B0B47C00433192 /* Frameworks */,
				8AA624E523B0B47C00433192 /* Resources */,
			);
			buildRules = (
			);
			dependencies = (
			);
			name = Todoey;
			productName = Todoey;
			productReference = 8AA624E723B0B47C00433192 /* Todoey.app */;
			productType = "com.apple.product-type.application";
		};
		8AA624FC23B0B47D00433192 /* TodoeyTests */ = {
			isa = PBXNativeTarget;
			buildConfigurationList = 8AA6251423B0B47D00433192 /* Build configuration list for PBXNativeTarget "TodoeyTests" */;
			buildPhases = (
				8AA624F923B0B47D00433192 /* Sources */,
				8AA624FA23B0B47D00433192 /* Frameworks */,
				8AA624FB23B0B47D00433192 /* Resources */,
			);
			buildRules = (
			);
			dependencies = (
				8AA624FF23B0B47D00433192 /* PBXTargetDependency */,
			);
			name = TodoeyTests;
			productName = TodoeyTests;
			productReference = 8AA624FD23B0B47D00433192 /* TodoeyTests.xctest */;
			productType = "com.apple.product-type.bundle.unit-test";
		};
		8AA6250723B0B47D00433192 /* TodoeyUITests */ = {
			isa = PBXNativeTarget;
			buildConfigurationList = 8AA6251723B0B47D00433192 /* Build configuration list for PBXNativeTarget "TodoeyUITests" */;
			buildPhases = (
				8AA6250423B0B47D00433192 /* Sources */,
				8AA6250523B0B47D00433192 /* Frameworks */,
				8AA6250623B0B47D00433192 /* Resources */,
			);
			buildRules = (
			);
			dependencies = (
				8AA6250A23B0B47D00433192 /* PBXTargetDependency */,
			);
			name = TodoeyUITests;
			productName = TodoeyUITests;
			productReference = 8AA6250823B0B47D00433192 /* TodoeyUITests.xctest */;
			productType = "com.apple.product-type.bundle.ui-testing";
		};
/* End PBXNativeTarget section */

/* Begin PBXProject section */
		8AA624DF23B0B47C00433192 /* Project object */ = {
			isa = PBXProject;
			attributes = {
				LastSwiftUpdateCheck = 1130;
				LastUpgradeCheck = 1130;
				ORGANIZATIONNAME = "Toby Darmawan";
				TargetAttributes = {
					8AA624E623B0B47C00433192 = {
						CreatedOnToolsVersion = 11.3;
					};
					8AA624FC23B0B47D00433192 = {
						CreatedOnToolsVersion = 11.3;
						TestTargetID = 8AA624E623B0B47C00433192;
					};
					8AA6250723B0B47D00433192 = {
						CreatedOnToolsVersion = 11.3;
						TestTargetID = 8AA624E623B0B47C00433192;
					};
				};
			};
			buildConfigurationList = 8AA624E223B0B47C00433192 /* Build configuration list for PBXProject "Todoey" */;
			compatibilityVersion = "Xcode 9.3";
			developmentRegion = en;
			hasScannedForEncodings = 0;
			knownRegions = (
				en,
				Base,
			);
			mainGroup = 8AA624DE23B0B47C00433192;
			productRefGroup = 8AA624E823B0B47C00433192 /* Products */;
			projectDirPath = "";
			projectRoot = "";
			targets = (
				8AA624E623B0B47C00433192 /* Todoey */,
				8AA624FC23B0B47D00433192 /* TodoeyTests */,
				8AA6250723B0B47D00433192 /* TodoeyUITests */,
			);
		};
/* End PBXProject section */

/* Begin PBXResourcesBuildPhase section */
		8AA624E523B0B47C00433192 /* Resources */ = {
			isa = PBXResourcesBuildPhase;
			buildActionMask = 2147483647;
			files = (
				8AA624F723B0B47D00433192 /* LaunchScreen.storyboard in Resources */,
				8AA624F423B0B47D00433192 /* Assets.xcassets in Resources */,
				8AA624F223B0B47C00433192 /* Main.storyboard in Resources */,
			);
			runOnlyForDeploymentPostprocessing = 0;
		};
		8AA624FB23B0B47D00433192 /* Resources */ = {
			isa = PBXResourcesBuildPhase;
			buildActionMask = 2147483647;
			files = (
			);
			runOnlyForDeploymentPostprocessing = 0;
		};
		8AA6250623B0B47D00433192 /* Resources */ = {
			isa = PBXResourcesBuildPhase;
			buildActionMask = 2147483647;
			files = (
			);
			runOnlyForDeploymentPostprocessing = 0;
		};
/* End PBXResourcesBuildPhase section */

/* Begin PBXSourcesBuildPhase section */
		8AA624E323B0B47C00433192 /* Sources */ = {
			isa = PBXSourcesBuildPhase;
			buildActionMask = 2147483647;
			files = (
				8AA624EF23B0B47C00433192 /* ViewController.swift in Sources */,
				8AA624EB23B0B47C00433192 /* AppDelegate.swift in Sources */,
				8AA624ED23B0B47C00433192 /* SceneDelegate.swift in Sources */,
			);
			runOnlyForDeploymentPostprocessing = 0;
		};
		8AA624F923B0B47D00433192 /* Sources */ = {
			isa = PBXSourcesBuildPhase;
			buildActionMask = 2147483647;
			files = (
				8AA6250223B0B47D00433192 /* TodoeyTests.swift in Sources */,
			);
			runOnlyForDeploymentPostprocessing = 0;
		};
		8AA6250423B0B47D00433192 /* Sources */ = {
			isa = PBXSourcesBuildPhase;
			buildActionMask = 2147483647;
			files = (
				8AA6250D23B0B47D00433192 /* TodoeyUITests.swift in Sources */,
			);
			runOnlyForDeploymentPostprocessing = 0;
		};
/* End PBXSourcesBuildPhase section */

/* Begin PBXTargetDependency section */
		8AA624FF23B0B47D00433192 /* PBXTargetDependency */ = {
			isa = PBXTargetDependency;
			target = 8AA624E623B0B47C00433192 /* Todoey */;
			targetProxy = 8AA624FE23B0B47D00433192 /* PBXContainerItemProxy */;
		};
		8AA6250A23B0B47D00433192 /* PBXTargetDependency */ = {
			isa = PBXTargetDependency;
			target = 8AA624E623B0B47C00433192 /* Todoey */;
			targetProxy = 8AA6250923B0B47D00433192 /* PBXContainerItemProxy */;
		};
/* End PBXTargetDependency section */

/* Begin PBXVariantGroup section */
		8AA624F023B0B47C00433192 /* Main.storyboard */ = {
			isa = PBXVariantGroup;
			children = (
				8AA624F123B0B47C00433192 /* Base */,
			);
			name = Main.storyboard;
			sourceTree = "<group>";
		};
		8AA624F523B0B47D00433192 /* LaunchScreen.storyboard */ = {
			isa = PBXVariantGroup;
			children = (
				8AA624F623B0B47D00433192 /* Base */,
			);
			name = LaunchScreen.storyboard;
			sourceTree = "<group>";
		};
/* End PBXVariantGroup section */

/* Begin XCBuildConfiguration section */
		8AA6250F23B0B47D00433192 /* Debug */ = {
			isa = XCBuildConfiguration;
			buildSettings = {
				ALWAYS_SEARCH_USER_PATHS = NO;
				CLANG_ANALYZER_NONNULL = YES;
				CLANG_ANALYZER_NUMBER_OBJECT_CONVERSION = YES_AGGRESSIVE;
				CLANG_CXX_LANGUAGE_STANDARD = "gnu++14";
				CLANG_CXX_LIBRARY = "libc++";
				CLANG_ENABLE_MODULES = YES;
				CLANG_ENABLE_OBJC_ARC = YES;
				CLANG_ENABLE_OBJC_WEAK = YES;
				CLANG_WARN_BLOCK_CAPTURE_AUTORELEASING = YES;
				CLANG_WARN_BOOL_CONVERSION = YES;
				CLANG_WARN_COMMA = YES;
				CLANG_WARN_CONSTANT_CONVERSION = YES;
				CLANG_WARN_DEPRECATED_OBJC_IMPLEMENTATIONS = YES;
				CLANG_WARN_DIRECT_OBJC_ISA_USAGE = YES_ERROR;
				CLANG_WARN_DOCUMENTATION_COMMENTS = YES;
				CLANG_WARN_EMPTY_BODY = YES;
				CLANG_WARN_ENUM_CONVERSION = YES;
				CLANG_WARN_INFINITE_RECURSION = YES;
				CLANG_WARN_INT_CONVERSION = YES;
				CLANG_WARN_NON_LITERAL_NULL_CONVERSION = YES;
				CLANG_WARN_OBJC_IMPLICIT_RETAIN_SELF = YES;
				CLANG_WARN_OBJC_LITERAL_CONVERSION = YES;
				CLANG_WARN_OBJC_ROOT_CLASS = YES_ERROR;
				CLANG_WARN_RANGE_LOOP_ANALYSIS = YES;
				CLANG_WARN_STRICT_PROTOTYPES = YES;
				CLANG_WARN_SUSPICIOUS_MOVE = YES;
				CLANG_WARN_UNGUARDED_AVAILABILITY = YES_AGGRESSIVE;
				CLANG_WARN_UNREACHABLE_CODE = YES;
				CLANG_WARN__DUPLICATE_METHOD_MATCH = YES;
				COPY_PHASE_STRIP = NO;
				DEBUG_INFORMATION_FORMAT = dwarf;
				ENABLE_STRICT_OBJC_MSGSEND = YES;
				ENABLE_TESTABILITY = YES;
				GCC_C_LANGUAGE_STANDARD = gnu11;
				GCC_DYNAMIC_NO_PIC = NO;
				GCC_NO_COMMON_BLOCKS = YES;
				GCC_OPTIMIZATION_LEVEL = 0;
				GCC_PREPROCESSOR_DEFINITIONS = (
					"DEBUG=1",
					"$(inherited)",
				);
				GCC_WARN_64_TO_32_BIT_CONVERSION = YES;
				GCC_WARN_ABOUT_RETURN_TYPE = YES_ERROR;
				GCC_WARN_UNDECLARED_SELECTOR = YES;
				GCC_WARN_UNINITIALIZED_AUTOS = YES_AGGRESSIVE;
				GCC_WARN_UNUSED_FUNCTION = YES;
				GCC_WARN_UNUSED_VARIABLE = YES;
				IPHONEOS_DEPLOYMENT_TARGET = 13.2;
				MTL_ENABLE_DEBUG_INFO = INCLUDE_SOURCE;
				MTL_FAST_MATH = YES;
				ONLY_ACTIVE_ARCH = YES;
				SDKROOT = iphoneos;
				SWIFT_ACTIVE_COMPILATION_CONDITIONS = DEBUG;
				SWIFT_OPTIMIZATION_LEVEL = "-Onone";
			};
			name = Debug;
		};
		8AA6251023B0B47D00433192 /* Release */ = {
			isa = XCBuildConfiguration;
			buildSettings = {
				ALWAYS_SEARCH_USER_PATHS = NO;
				CLANG_ANALYZER_NONNULL = YES;
				CLANG_ANALYZER_NUMBER_OBJECT_CONVERSION = YES_AGGRESSIVE;
				CLANG_CXX_LANGUAGE_STANDARD = "gnu++14";
				CLANG_CXX_LIBRARY = "libc++";
				CLANG_ENABLE_MODULES = YES;
				CLANG_ENABLE_OBJC_ARC = YES;
				CLANG_ENABLE_OBJC_WEAK = YES;
				CLANG_WARN_BLOCK_CAPTURE_AUTORELEASING = YES;
				CLANG_WARN_BOOL_CONVERSION = YES;
				CLANG_WARN_COMMA = YES;
				CLANG_WARN_CONSTANT_CONVERSION = YES;
				CLANG_WARN_DEPRECATED_OBJC_IMPLEMENTATIONS = YES;
				CLANG_WARN_DIRECT_OBJC_ISA_USAGE = YES_ERROR;
				CLANG_WARN_DOCUMENTATION_COMMENTS = YES;
				CLANG_WARN_EMPTY_BODY = YES;
				CLANG_WARN_ENUM_CONVERSION = YES;
				CLANG_WARN_INFINITE_RECURSION = YES;
				CLANG_WARN_INT_CONVERSION = YES;
				CLANG_WARN_NON_LITERAL_NULL_CONVERSION = YES;
				CLANG_WARN_OBJC_IMPLICIT_RETAIN_SELF = YES;
				CLANG_WARN_OBJC_LITERAL_CONVERSION = YES;
				CLANG_WARN_OBJC_ROOT_CLASS = YES_ERROR;
				CLANG_WARN_RANGE_LOOP_ANALYSIS = YES;
				CLANG_WARN_STRICT_PROTOTYPES = YES;
				CLANG_WARN_SUSPICIOUS_MOVE = YES;
				CLANG_WARN_UNGUARDED_AVAILABILITY = YES_AGGRESSIVE;
				CLANG_WARN_UNREACHABLE_CODE = YES;
				CLANG_WARN__DUPLICATE_METHOD_MATCH = YES;
				COPY_PHASE_STRIP = NO;
				DEBUG_INFORMATION_FORMAT = "dwarf-with-dsym";
				ENABLE_NS_ASSERTIONS = NO;
				ENABLE_STRICT_OBJC_MSGSEND = YES;
				GCC_C_LANGUAGE_STANDARD = gnu11;
				GCC_NO_COMMON_BLOCKS = YES;
				GCC_WARN_64_TO_32_BIT_CONVERSION = YES;
				GCC_WARN_ABOUT_RETURN_TYPE = YES_ERROR;
				GCC_WARN_UNDECLARED_SELECTOR = YES;
				GCC_WARN_UNINITIALIZED_AUTOS = YES_AGGRESSIVE;
				GCC_WARN_UNUSED_FUNCTION = YES;
				GCC_WARN_UNUSED_VARIABLE = YES;
				IPHONEOS_DEPLOYMENT_TARGET = 13.2;
				MTL_ENABLE_DEBUG_INFO = NO;
				MTL_FAST_MATH = YES;
				SDKROOT = iphoneos;
				SWIFT_COMPILATION_MODE = wholemodule;
				SWIFT_OPTIMIZATION_LEVEL = "-O";
				VALIDATE_PRODUCT = YES;
			};
			name = Release;
		};
		8AA6251223B0B47D00433192 /* Debug */ = {
			isa = XCBuildConfiguration;
			buildSettings = {
				ASSETCATALOG_COMPILER_APPICON_NAME = AppIcon;
				CODE_SIGN_STYLE = Automatic;
				DEVELOPMENT_TEAM = D4584X58C8;
				INFOPLIST_FILE = Todoey/Info.plist;
				LD_RUNPATH_SEARCH_PATHS = (
					"$(inherited)",
					"@executable_path/Frameworks",
				);
				PRODUCT_BUNDLE_IDENTIFIER = com.TobyDarmawan.Todoey;
				PRODUCT_NAME = "$(TARGET_NAME)";
				SWIFT_VERSION = 5.0;
				TARGETED_DEVICE_FAMILY = "1,2";
			};
			name = Debug;
		};
		8AA6251323B0B47D00433192 /* Release */ = {
			isa = XCBuildConfiguration;
			buildSettings = {
				ASSETCATALOG_COMPILER_APPICON_NAME = AppIcon;
				CODE_SIGN_STYLE = Automatic;
				DEVELOPMENT_TEAM = D4584X58C8;
				INFOPLIST_FILE = Todoey/Info.plist;
				LD_RUNPATH_SEARCH_PATHS = (
					"$(inherited)",
					"@executable_path/Frameworks",
				);
				PRODUCT_BUNDLE_IDENTIFIER = com.TobyDarmawan.Todoey;
				PRODUCT_NAME = "$(TARGET_NAME)";
				SWIFT_VERSION = 5.0;
				TARGETED_DEVICE_FAMILY = "1,2";
			};
			name = Release;
		};
		8AA6251523B0B47D00433192 /* Debug */ = {
			isa = XCBuildConfiguration;
			buildSettings = {
				ALWAYS_EMBED_SWIFT_STANDARD_LIBRARIES = YES;
				BUNDLE_LOADER = "$(TEST_HOST)";
				CODE_SIGN_STYLE = Automatic;
				DEVELOPMENT_TEAM = D4584X58C8;
				INFOPLIST_FILE = TodoeyTests/Info.plist;
				IPHONEOS_DEPLOYMENT_TARGET = 13.2;
				LD_RUNPATH_SEARCH_PATHS = (
					"$(inherited)",
					"@executable_path/Frameworks",
					"@loader_path/Frameworks",
				);
				PRODUCT_BUNDLE_IDENTIFIER = com.TobyDarmawan.TodoeyTests;
				PRODUCT_NAME = "$(TARGET_NAME)";
				SWIFT_VERSION = 5.0;
				TARGETED_DEVICE_FAMILY = "1,2";
				TEST_HOST = "$(BUILT_PRODUCTS_DIR)/Todoey.app/Todoey";
			};
			name = Debug;
		};
		8AA6251623B0B47D00433192 /* Release */ = {
			isa = XCBuildConfiguration;
			buildSettings = {
				ALWAYS_EMBED_SWIFT_STANDARD_LIBRARIES = YES;
				BUNDLE_LOADER = "$(TEST_HOST)";
				CODE_SIGN_STYLE = Automatic;
				DEVELOPMENT_TEAM = D4584X58C8;
				INFOPLIST_FILE = TodoeyTests/Info.plist;
				IPHONEOS_DEPLOYMENT_TARGET = 13.2;
				LD_RUNPATH_SEARCH_PATHS = (
					"$(inherited)",
					"@executable_path/Frameworks",
					"@loader_path/Frameworks",
				);
				PRODUCT_BUNDLE_IDENTIFIER = com.TobyDarmawan.TodoeyTests;
				PRODUCT_NAME = "$(TARGET_NAME)";
				SWIFT_VERSION = 5.0;
				TARGETED_DEVICE_FAMILY = "1,2";
				TEST_HOST = "$(BUILT_PRODUCTS_DIR)/Todoey.app/Todoey";
			};
			name = Release;
		};
		8AA6251823B0B47D00433192 /* Debug */ = {
			isa = XCBuildConfiguration;
			buildSettings = {
				ALWAYS_EMBED_SWIFT_STANDARD_LIBRARIES = YES;
				CODE_SIGN_STYLE = Automatic;
				DEVELOPMENT_TEAM = D4584X58C8;
				INFOPLIST_FILE = TodoeyUITests/Info.plist;
				LD_RUNPATH_SEARCH_PATHS = (
					"$(inherited)",
					"@executable_path/Frameworks",
					"@loader_path/Frameworks",
				);
				PRODUCT_BUNDLE_IDENTIFIER = com.TobyDarmawan.TodoeyUITests;
				PRODUCT_NAME = "$(TARGET_NAME)";
				SWIFT_VERSION = 5.0;
				TARGETED_DEVICE_FAMILY = "1,2";
				TEST_TARGET_NAME = Todoey;
			};
			name = Debug;
		};
		8AA6251923B0B47D00433192 /* Release */ = {
			isa = XCBuildConfiguration;
			buildSettings = {
				ALWAYS_EMBED_SWIFT_STANDARD_LIBRARIES = YES;
				CODE_SIGN_STYLE = Automatic;
				DEVELOPMENT_TEAM = D4584X58C8;
				INFOPLIST_FILE = TodoeyUITests/Info.plist;
				LD_RUNPATH_SEARCH_PATHS = (
					"$(inherited)",
					"@executable_path/Frameworks",
					"@loader_path/Frameworks",
				);
				PRODUCT_BUNDLE_IDENTIFIER = com.TobyDarmawan.TodoeyUITests;
				PRODUCT_NAME = "$(TARGET_NAME)";
				SWIFT_VERSION = 5.0;
				TARGETED_DEVICE_FAMILY = "1,2";
				TEST_TARGET_NAME = Todoey;
			};
			name = Release;
		};
/* End XCBuildConfiguration section */

/* Begin XCConfigurationList section */
		8AA624E223B0B47C00433192 /* Build configuration list for PBXProject "Todoey" */ = {
			isa = XCConfigurationList;
			buildConfigurations = (
				8AA6250F23B0B47D00433192 /* Debug */,
				8AA6251023B0B47D00433192 /* Release */,
			);
			defaultConfigurationIsVisible = 0;
			defaultConfigurationName = Release;
		};
		8AA6251123B0B47D00433192 /* Build configuration list for PBXNativeTarget "Todoey" */ = {
			isa = XCConfigurationList;
			buildConfigurations = (
				8AA6251223B0B47D00433192 /* Debug */,
				8AA6251323B0B47D00433192 /* Release */,
			);
			defaultConfigurationIsVisible = 0;
			defaultConfigurationName = Release;
		};
		8AA6251423B0B47D00433192 /* Build configuration list for PBXNativeTarget "TodoeyTests" */ = {
			isa = XCConfigurationList;
			buildConfigurations = (
				8AA6251523B0B47D00433192 /* Debug */,
				8AA6251623B0B47D00433192 /* Release */,
			);
			defaultConfigurationIsVisible = 0;
			defaultConfigurationName = Release;
		};
		8AA6251723B0B47D00433192 /* Build configuration list for PBXNativeTarget "TodoeyUITests" */ = {
			isa = XCConfigurationList;
			buildConfigurations = (
				8AA6251823B0B47D00433192 /* Debug */,
				8AA6251923B0B47D00433192 /* Release */,
			);
			defaultConfigurationIsVisible = 0;
			defaultConfigurationName = Release;
		};
/* End XCConfigurationList section */
	};
	rootObject = 8AA624DF23B0B47C00433192 /* Project object */;
}
